// !$*UTF8*$!
{
	archiveVersion = 1;
	classes = {
	};
	objectVersion = 46;
	objects = {

/* Begin PBXBuildFile section */
		28E4925C7EEF5A2CB17D61F1 /* libPods.a in Frameworks */ = {isa = PBXBuildFile; fileRef = A6CDA07874C5E95588F39D5E /* libPods.a */; };
		6931CE251BBCC5E300EF3BA9 /* JJFunctionVC.m in Sources */ = {isa = PBXBuildFile; fileRef = 6931CE231BBCC5E300EF3BA9 /* JJFunctionVC.m */; };
		6931CE2B1BBCDBA100EF3BA9 /* JJMainCell.m in Sources */ = {isa = PBXBuildFile; fileRef = 6931CE2A1BBCDBA100EF3BA9 /* JJMainCell.m */; };
		6931CE2E1BBD0F9100EF3BA9 /* UIColor+JJColor.m in Sources */ = {isa = PBXBuildFile; fileRef = 6931CE2D1BBD0F9100EF3BA9 /* UIColor+JJColor.m */; };
		6931CE321BBD27CC00EF3BA9 /* JJMessage.m in Sources */ = {isa = PBXBuildFile; fileRef = 6931CE311BBD27CC00EF3BA9 /* JJMessage.m */; };
		6973F4151BBBD00400D7737D /* main.m in Sources */ = {isa = PBXBuildFile; fileRef = 6973F4141BBBD00400D7737D /* main.m */; };
		6973F4181BBBD00400D7737D /* AppDelegate.m in Sources */ = {isa = PBXBuildFile; fileRef = 6973F4171BBBD00400D7737D /* AppDelegate.m */; };
		6973F4201BBBD00400D7737D /* Assets.xcassets in Resources */ = {isa = PBXBuildFile; fileRef = 6973F41F1BBBD00400D7737D /* Assets.xcassets */; };
		6973F44D1BBBD1E700D7737D /* JJRootVC.m in Sources */ = {isa = PBXBuildFile; fileRef = 6973F44C1BBBD1E700D7737D /* JJRootVC.m */; };
		6973F4511BBBD20D00D7737D /* JJMainVC.m in Sources */ = {isa = PBXBuildFile; fileRef = 6973F44F1BBBD20D00D7737D /* JJMainVC.m */; };
		69AB0F781CF9648E00F15D4A /* JJRootNC.m in Sources */ = {isa = PBXBuildFile; fileRef = 69AB0F771CF9648E00F15D4A /* JJRootNC.m */; };
		69AB0F7C1CF96A4A00F15D4A /* JJConnectVC.m in Sources */ = {isa = PBXBuildFile; fileRef = 69AB0F7B1CF96A4A00F15D4A /* JJConnectVC.m */; };
		69AB0F801CF96CCF00F15D4A /* JJSettingGuideVC.m in Sources */ = {isa = PBXBuildFile; fileRef = 69AB0F7F1CF96CCF00F15D4A /* JJSettingGuideVC.m */; };
		69AB0F851CF97C8500F15D4A /* JJFunSettingView.m in Sources */ = {isa = PBXBuildFile; fileRef = 69AB0F841CF97C8500F15D4A /* JJFunSettingView.m */; };
		69AB0F881CF99C6500F15D4A /* JJFunSettingLabelView.m in Sources */ = {isa = PBXBuildFile; fileRef = 69AB0F871CF99C6500F15D4A /* JJFunSettingLabelView.m */; };
		69AB0F8B1CF9A00C00F15D4A /* JJFunSettingBtnView.m in Sources */ = {isa = PBXBuildFile; fileRef = 69AB0F8A1CF9A00C00F15D4A /* JJFunSettingBtnView.m */; };
		69AB0F8F1CFA795D00F15D4A /* JJFunSettingBtn.m in Sources */ = {isa = PBXBuildFile; fileRef = 69AB0F8E1CFA795D00F15D4A /* JJFunSettingBtn.m */; };
		69AB0F921CFA8AF000F15D4A /* JJControllerBtn.m in Sources */ = {isa = PBXBuildFile; fileRef = 69AB0F911CFA8AF000F15D4A /* JJControllerBtn.m */; };
		69AB0F951CFA8D4000F15D4A /* JJFunTimeView.m in Sources */ = {isa = PBXBuildFile; fileRef = 69AB0F941CFA8D4000F15D4A /* JJFunTimeView.m */; };
		69AB0F981CFA901300F15D4A /* JJFunBottomView.m in Sources */ = {isa = PBXBuildFile; fileRef = 69AB0F971CFA901300F15D4A /* JJFunBottomView.m */; };
		69AB0F9B1CFAB1DA00F15D4A /* UIButton+JJCommon.m in Sources */ = {isa = PBXBuildFile; fileRef = 69AB0F9A1CFAB1DA00F15D4A /* UIButton+JJCommon.m */; };
		69AB0F9E1CFAB1FF00F15D4A /* UIImage+JJCommon.m in Sources */ = {isa = PBXBuildFile; fileRef = 69AB0F9D1CFAB1FE00F15D4A /* UIImage+JJCommon.m */; };
		69AB0FA21CFAB9C800F15D4A /* JJRoundBtn.m in Sources */ = {isa = PBXBuildFile; fileRef = 69AB0FA11CFAB9C800F15D4A /* JJRoundBtn.m */; };
		69F9379F1BBBE90F005F7399 /* UIView+JJCommon.m in Sources */ = {isa = PBXBuildFile; fileRef = 69F9379E1BBBE90F005F7399 /* UIView+JJCommon.m */; };
		69F937A81BBBEFA4005F7399 /* KSCentralManager.m in Sources */ = {isa = PBXBuildFile; fileRef = 69F937A11BBBEFA4005F7399 /* KSCentralManager.m */; };
		69F937A91BBBEFA4005F7399 /* KSCBPeripheral.m in Sources */ = {isa = PBXBuildFile; fileRef = 69F937A21BBBEFA4005F7399 /* KSCBPeripheral.m */; };
		69F937AA1BBBEFA4005F7399 /* KSPeripheralManager.m in Sources */ = {isa = PBXBuildFile; fileRef = 69F937A51BBBEFA4005F7399 /* KSPeripheralManager.m */; };
/* End PBXBuildFile section */

/* Begin PBXFileReference section */
		1B65778A7BAD62BE9629EC9A /* Pods.debug.xcconfig */ = {isa = PBXFileReference; includeInIndex = 1; lastKnownFileType = text.xcconfig; name = Pods.debug.xcconfig; path = "Pods/Target Support Files/Pods/Pods.debug.xcconfig"; sourceTree = "<group>"; };
		4D57FE29A601413A6DBD4C3E /* Pods.release.xcconfig */ = {isa = PBXFileReference; includeInIndex = 1; lastKnownFileType = text.xcconfig; name = Pods.release.xcconfig; path = "Pods/Target Support Files/Pods/Pods.release.xcconfig"; sourceTree = "<group>"; };
		691D8F171CF893E700170430 /* BabyBrezza-Prefix.pch */ = {isa = PBXFileReference; lastKnownFileType = sourcecode.c.h; path = "BabyBrezza-Prefix.pch"; sourceTree = "<group>"; };
		6931CE221BBCC5E300EF3BA9 /* JJFunctionVC.h */ = {isa = PBXFileReference; fileEncoding = 4; lastKnownFileType = sourcecode.c.h; path = JJFunctionVC.h; sourceTree = "<group>"; };
		6931CE231BBCC5E300EF3BA9 /* JJFunctionVC.m */ = {isa = PBXFileReference; fileEncoding = 4; lastKnownFileType = sourcecode.c.objc; path = JJFunctionVC.m; sourceTree = "<group>"; };
		6931CE291BBCDBA100EF3BA9 /* JJMainCell.h */ = {isa = PBXFileReference; fileEncoding = 4; lastKnownFileType = sourcecode.c.h; path = JJMainCell.h; sourceTree = "<group>"; };
		6931CE2A1BBCDBA100EF3BA9 /* JJMainCell.m */ = {isa = PBXFileReference; fileEncoding = 4; lastKnownFileType = sourcecode.c.objc; path = JJMainCell.m; sourceTree = "<group>"; };
		6931CE2C1BBD0F9100EF3BA9 /* UIColor+JJColor.h */ = {isa = PBXFileReference; fileEncoding = 4; lastKnownFileType = sourcecode.c.h; path = "UIColor+JJColor.h"; sourceTree = "<group>"; };
		6931CE2D1BBD0F9100EF3BA9 /* UIColor+JJColor.m */ = {isa = PBXFileReference; fileEncoding = 4; lastKnownFileType = sourcecode.c.objc; path = "UIColor+JJColor.m"; sourceTree = "<group>"; };
		6931CE301BBD27CC00EF3BA9 /* JJMessage.h */ = {isa = PBXFileReference; fileEncoding = 4; lastKnownFileType = sourcecode.c.h; path = JJMessage.h; sourceTree = "<group>"; };
		6931CE311BBD27CC00EF3BA9 /* JJMessage.m */ = {isa = PBXFileReference; fileEncoding = 4; lastKnownFileType = sourcecode.c.objc; path = JJMessage.m; sourceTree = "<group>"; };
		6973F4101BBBD00400D7737D /* BabyBrezza.app */ = {isa = PBXFileReference; explicitFileType = wrapper.application; includeInIndex = 0; path = BabyBrezza.app; sourceTree = BUILT_PRODUCTS_DIR; };
		6973F4141BBBD00400D7737D /* main.m */ = {isa = PBXFileReference; lastKnownFileType = sourcecode.c.objc; path = main.m; sourceTree = "<group>"; };
		6973F4161BBBD00400D7737D /* AppDelegate.h */ = {isa = PBXFileReference; lastKnownFileType = sourcecode.c.h; path = AppDelegate.h; sourceTree = "<group>"; };
		6973F4171BBBD00400D7737D /* AppDelegate.m */ = {isa = PBXFileReference; lastKnownFileType = sourcecode.c.objc; path = AppDelegate.m; sourceTree = "<group>"; };
		6973F41F1BBBD00400D7737D /* Assets.xcassets */ = {isa = PBXFileReference; lastKnownFileType = folder.assetcatalog; path = Assets.xcassets; sourceTree = "<group>"; };
		6973F4241BBBD00400D7737D /* Info.plist */ = {isa = PBXFileReference; lastKnownFileType = text.plist.xml; path = Info.plist; sourceTree = "<group>"; };
		6973F44B1BBBD1E700D7737D /* JJRootVC.h */ = {isa = PBXFileReference; fileEncoding = 4; lastKnownFileType = sourcecode.c.h; path = JJRootVC.h; sourceTree = "<group>"; };
		6973F44C1BBBD1E700D7737D /* JJRootVC.m */ = {isa = PBXFileReference; fileEncoding = 4; lastKnownFileType = sourcecode.c.objc; path = JJRootVC.m; sourceTree = "<group>"; };
		6973F44E1BBBD20D00D7737D /* JJMainVC.h */ = {isa = PBXFileReference; fileEncoding = 4; lastKnownFileType = sourcecode.c.h; path = JJMainVC.h; sourceTree = "<group>"; };
		6973F44F1BBBD20D00D7737D /* JJMainVC.m */ = {isa = PBXFileReference; fileEncoding = 4; lastKnownFileType = sourcecode.c.objc; path = JJMainVC.m; sourceTree = "<group>"; };
		69AB0F761CF9648E00F15D4A /* JJRootNC.h */ = {isa = PBXFileReference; fileEncoding = 4; lastKnownFileType = sourcecode.c.h; path = JJRootNC.h; sourceTree = "<group>"; };
		69AB0F771CF9648E00F15D4A /* JJRootNC.m */ = {isa = PBXFileReference; fileEncoding = 4; lastKnownFileType = sourcecode.c.objc; path = JJRootNC.m; sourceTree = "<group>"; };
		69AB0F7A1CF96A4A00F15D4A /* JJConnectVC.h */ = {isa = PBXFileReference; fileEncoding = 4; lastKnownFileType = sourcecode.c.h; path = JJConnectVC.h; sourceTree = "<group>"; };
		69AB0F7B1CF96A4A00F15D4A /* JJConnectVC.m */ = {isa = PBXFileReference; fileEncoding = 4; lastKnownFileType = sourcecode.c.objc; path = JJConnectVC.m; sourceTree = "<group>"; };
		69AB0F7E1CF96CCF00F15D4A /* JJSettingGuideVC.h */ = {isa = PBXFileReference; fileEncoding = 4; lastKnownFileType = sourcecode.c.h; path = JJSettingGuideVC.h; sourceTree = "<group>"; };
		69AB0F7F1CF96CCF00F15D4A /* JJSettingGuideVC.m */ = {isa = PBXFileReference; fileEncoding = 4; lastKnownFileType = sourcecode.c.objc; path = JJSettingGuideVC.m; sourceTree = "<group>"; };
		69AB0F831CF97C8500F15D4A /* JJFunSettingView.h */ = {isa = PBXFileReference; fileEncoding = 4; lastKnownFileType = sourcecode.c.h; path = JJFunSettingView.h; sourceTree = "<group>"; };
		69AB0F841CF97C8500F15D4A /* JJFunSettingView.m */ = {isa = PBXFileReference; fileEncoding = 4; lastKnownFileType = sourcecode.c.objc; path = JJFunSettingView.m; sourceTree = "<group>"; };
		69AB0F861CF99C6500F15D4A /* JJFunSettingLabelView.h */ = {isa = PBXFileReference; fileEncoding = 4; lastKnownFileType = sourcecode.c.h; path = JJFunSettingLabelView.h; sourceTree = "<group>"; };
		69AB0F871CF99C6500F15D4A /* JJFunSettingLabelView.m */ = {isa = PBXFileReference; fileEncoding = 4; lastKnownFileType = sourcecode.c.objc; path = JJFunSettingLabelView.m; sourceTree = "<group>"; };
		69AB0F891CF9A00C00F15D4A /* JJFunSettingBtnView.h */ = {isa = PBXFileReference; fileEncoding = 4; lastKnownFileType = sourcecode.c.h; path = JJFunSettingBtnView.h; sourceTree = "<group>"; };
		69AB0F8A1CF9A00C00F15D4A /* JJFunSettingBtnView.m */ = {isa = PBXFileReference; fileEncoding = 4; lastKnownFileType = sourcecode.c.objc; path = JJFunSettingBtnView.m; sourceTree = "<group>"; };
		69AB0F8D1CFA795D00F15D4A /* JJFunSettingBtn.h */ = {isa = PBXFileReference; fileEncoding = 4; lastKnownFileType = sourcecode.c.h; path = JJFunSettingBtn.h; sourceTree = "<group>"; };
		69AB0F8E1CFA795D00F15D4A /* JJFunSettingBtn.m */ = {isa = PBXFileReference; fileEncoding = 4; lastKnownFileType = sourcecode.c.objc; path = JJFunSettingBtn.m; sourceTree = "<group>"; };
		69AB0F901CFA8AF000F15D4A /* JJControllerBtn.h */ = {isa = PBXFileReference; fileEncoding = 4; lastKnownFileType = sourcecode.c.h; path = JJControllerBtn.h; sourceTree = "<group>"; };
		69AB0F911CFA8AF000F15D4A /* JJControllerBtn.m */ = {isa = PBXFileReference; fileEncoding = 4; lastKnownFileType = sourcecode.c.objc; path = JJControllerBtn.m; sourceTree = "<group>"; };
		69AB0F931CFA8D4000F15D4A /* JJFunTimeView.h */ = {isa = PBXFileReference; fileEncoding = 4; lastKnownFileType = sourcecode.c.h; path = JJFunTimeView.h; sourceTree = "<group>"; };
		69AB0F941CFA8D4000F15D4A /* JJFunTimeView.m */ = {isa = PBXFileReference; fileEncoding = 4; lastKnownFileType = sourcecode.c.objc; path = JJFunTimeView.m; sourceTree = "<group>"; };
		69AB0F961CFA901300F15D4A /* JJFunBottomView.h */ = {isa = PBXFileReference; fileEncoding = 4; lastKnownFileType = sourcecode.c.h; path = JJFunBottomView.h; sourceTree = "<group>"; };
		69AB0F971CFA901300F15D4A /* JJFunBottomView.m */ = {isa = PBXFileReference; fileEncoding = 4; lastKnownFileType = sourcecode.c.objc; path = JJFunBottomView.m; sourceTree = "<group>"; };
		69AB0F991CFAB1DA00F15D4A /* UIButton+JJCommon.h */ = {isa = PBXFileReference; fileEncoding = 4; lastKnownFileType = sourcecode.c.h; path = "UIButton+JJCommon.h"; sourceTree = "<group>"; };
		69AB0F9A1CFAB1DA00F15D4A /* UIButton+JJCommon.m */ = {isa = PBXFileReference; fileEncoding = 4; lastKnownFileType = sourcecode.c.objc; path = "UIButton+JJCommon.m"; sourceTree = "<group>"; };
		69AB0F9C1CFAB1FE00F15D4A /* UIImage+JJCommon.h */ = {isa = PBXFileReference; fileEncoding = 4; lastKnownFileType = sourcecode.c.h; path = "UIImage+JJCommon.h"; sourceTree = "<group>"; };
		69AB0F9D1CFAB1FE00F15D4A /* UIImage+JJCommon.m */ = {isa = PBXFileReference; fileEncoding = 4; lastKnownFileType = sourcecode.c.objc; path = "UIImage+JJCommon.m"; sourceTree = "<group>"; };
		69AB0FA01CFAB9C800F15D4A /* JJRoundBtn.h */ = {isa = PBXFileReference; fileEncoding = 4; lastKnownFileType = sourcecode.c.h; path = JJRoundBtn.h; sourceTree = "<group>"; };
		69AB0FA11CFAB9C800F15D4A /* JJRoundBtn.m */ = {isa = PBXFileReference; fileEncoding = 4; lastKnownFileType = sourcecode.c.objc; path = JJRoundBtn.m; sourceTree = "<group>"; };
		69F9379D1BBBE90F005F7399 /* UIView+JJCommon.h */ = {isa = PBXFileReference; fileEncoding = 4; lastKnownFileType = sourcecode.c.h; path = "UIView+JJCommon.h"; sourceTree = "<group>"; };
		69F9379E1BBBE90F005F7399 /* UIView+JJCommon.m */ = {isa = PBXFileReference; fileEncoding = 4; lastKnownFileType = sourcecode.c.objc; path = "UIView+JJCommon.m"; sourceTree = "<group>"; };
		69F937A11BBBEFA4005F7399 /* KSCentralManager.m */ = {isa = PBXFileReference; fileEncoding = 4; lastKnownFileType = sourcecode.c.objc; path = KSCentralManager.m; sourceTree = "<group>"; };
		69F937A21BBBEFA4005F7399 /* KSCBPeripheral.m */ = {isa = PBXFileReference; fileEncoding = 4; lastKnownFileType = sourcecode.c.objc; path = KSCBPeripheral.m; sourceTree = "<group>"; };
		69F937A31BBBEFA4005F7399 /* KSCentralManager.h */ = {isa = PBXFileReference; fileEncoding = 4; lastKnownFileType = sourcecode.c.h; path = KSCentralManager.h; sourceTree = "<group>"; };
		69F937A41BBBEFA4005F7399 /* KSPeripheralManager.h */ = {isa = PBXFileReference; fileEncoding = 4; lastKnownFileType = sourcecode.c.h; path = KSPeripheralManager.h; sourceTree = "<group>"; };
		69F937A51BBBEFA4005F7399 /* KSPeripheralManager.m */ = {isa = PBXFileReference; fileEncoding = 4; lastKnownFileType = sourcecode.c.objc; path = KSPeripheralManager.m; sourceTree = "<group>"; };
		69F937A61BBBEFA4005F7399 /* KSCentralManagerDelegate.h */ = {isa = PBXFileReference; fileEncoding = 4; lastKnownFileType = sourcecode.c.h; path = KSCentralManagerDelegate.h; sourceTree = "<group>"; };
		69F937A71BBBEFA4005F7399 /* KSCBPeripheral.h */ = {isa = PBXFileReference; fileEncoding = 4; lastKnownFileType = sourcecode.c.h; path = KSCBPeripheral.h; sourceTree = "<group>"; };
		69F937AB1BBBEFE5005F7399 /* Config.h */ = {isa = PBXFileReference; fileEncoding = 4; lastKnownFileType = sourcecode.c.h; path = Config.h; sourceTree = "<group>"; };
		A6CDA07874C5E95588F39D5E /* libPods.a */ = {isa = PBXFileReference; explicitFileType = archive.ar; includeInIndex = 0; path = libPods.a; sourceTree = BUILT_PRODUCTS_DIR; };
/* End PBXFileReference section */

/* Begin PBXFrameworksBuildPhase section */
		6973F40D1BBBD00400D7737D /* Frameworks */ = {
			isa = PBXFrameworksBuildPhase;
			buildActionMask = 2147483647;
			files = (
				28E4925C7EEF5A2CB17D61F1 /* libPods.a in Frameworks */,
			);
			runOnlyForDeploymentPostprocessing = 0;
		};
/* End PBXFrameworksBuildPhase section */

/* Begin PBXGroup section */
		6931CE211BBCC5B900EF3BA9 /* FunctionVC */ = {
			isa = PBXGroup;
			children = (
				69AB0F811CF97C4A00F15D4A /* VC */,
				69AB0F821CF97C5300F15D4A /* View */,
			);
			name = FunctionVC;
			sourceTree = "<group>";
		};
		6931CE271BBCDB5F00EF3BA9 /* VC */ = {
			isa = PBXGroup;
			children = (
				6973F44E1BBBD20D00D7737D /* JJMainVC.h */,
				6973F44F1BBBD20D00D7737D /* JJMainVC.m */,
			);
			name = VC;
			sourceTree = "<group>";
		};
		6931CE281BBCDB6700EF3BA9 /* View */ = {
			isa = PBXGroup;
			children = (
				6931CE291BBCDBA100EF3BA9 /* JJMainCell.h */,
				6931CE2A1BBCDBA100EF3BA9 /* JJMainCell.m */,
			);
			name = View;
			sourceTree = "<group>";
		};
		6931CE2F1BBD26DF00EF3BA9 /* Message */ = {
			isa = PBXGroup;
			children = (
				6931CE301BBD27CC00EF3BA9 /* JJMessage.h */,
				6931CE311BBD27CC00EF3BA9 /* JJMessage.m */,
			);
			name = Message;
			sourceTree = "<group>";
		};
		6973F4071BBBD00400D7737D = {
			isa = PBXGroup;
			children = (
				6973F4121BBBD00400D7737D /* BabyBrezza */,
				6973F4111BBBD00400D7737D /* Products */,
				FF26BDAF446B07437E7D263A /* Pods */,
				B82AA011897AF1E622ADBBB9 /* Frameworks */,
			);
			sourceTree = "<group>";
		};
		6973F4111BBBD00400D7737D /* Products */ = {
			isa = PBXGroup;
			children = (
				6973F4101BBBD00400D7737D /* BabyBrezza.app */,
			);
			name = Products;
			sourceTree = "<group>";
		};
		6973F4121BBBD00400D7737D /* BabyBrezza */ = {
			isa = PBXGroup;
			children = (
				6973F44A1BBBD1B800D7737D /* VC */,
				6973F4491BBBD1A600D7737D /* Lib */,
				6973F4461BBBD11200D7737D /* AppDelegate */,
				6973F41F1BBBD00400D7737D /* Assets.xcassets */,
				6973F4241BBBD00400D7737D /* Info.plist */,
				6973F4131BBBD00400D7737D /* Supporting Files */,
			);
			path = BabyBrezza;
			sourceTree = "<group>";
		};
		6973F4131BBBD00400D7737D /* Supporting Files */ = {
			isa = PBXGroup;
			children = (
				6973F4141BBBD00400D7737D /* main.m */,
				691D8F171CF893E700170430 /* BabyBrezza-Prefix.pch */,
			);
			name = "Supporting Files";
			sourceTree = "<group>";
		};
		6973F4461BBBD11200D7737D /* AppDelegate */ = {
			isa = PBXGroup;
			children = (
				6973F4161BBBD00400D7737D /* AppDelegate.h */,
				6973F4171BBBD00400D7737D /* AppDelegate.m */,
			);
			name = AppDelegate;
			sourceTree = "<group>";
		};
		6973F4471BBBD15800D7737D /* MainVC */ = {
			isa = PBXGroup;
			children = (
				6931CE271BBCDB5F00EF3BA9 /* VC */,
				6931CE281BBCDB6700EF3BA9 /* View */,
			);
			name = MainVC;
			sourceTree = "<group>";
		};
		6973F4481BBBD19700D7737D /* RootVC */ = {
			isa = PBXGroup;
			children = (
				6973F44B1BBBD1E700D7737D /* JJRootVC.h */,
				6973F44C1BBBD1E700D7737D /* JJRootVC.m */,
				69AB0F761CF9648E00F15D4A /* JJRootNC.h */,
				69AB0F771CF9648E00F15D4A /* JJRootNC.m */,
			);
			name = RootVC;
			sourceTree = "<group>";
		};
		6973F4491BBBD1A600D7737D /* Lib */ = {
			isa = PBXGroup;
			children = (
				69F9379B1BBBE5AF005F7399 /* Third_Libraries */,
				6931CE2F1BBD26DF00EF3BA9 /* Message */,
				69F937A01BBBEF96005F7399 /* BLE */,
				69F9379C1BBBE8EC005F7399 /* Category */,
				69F937991BBBE544005F7399 /* Define */,
			);
			name = Lib;
			sourceTree = "<group>";
		};
		6973F44A1BBBD1B800D7737D /* VC */ = {
			isa = PBXGroup;
			children = (
				6973F4481BBBD19700D7737D /* RootVC */,
				69AB0F7D1CF96CB800F15D4A /* SettingGuideVC */,
				69AB0F791CF969A600F15D4A /* ConnectVC */,
				6931CE211BBCC5B900EF3BA9 /* FunctionVC */,
				6973F4471BBBD15800D7737D /* MainVC */,
			);
			name = VC;
			sourceTree = "<group>";
		};
		69AB0F791CF969A600F15D4A /* ConnectVC */ = {
			isa = PBXGroup;
			children = (
				69AB0F7A1CF96A4A00F15D4A /* JJConnectVC.h */,
				69AB0F7B1CF96A4A00F15D4A /* JJConnectVC.m */,
			);
			name = ConnectVC;
			sourceTree = "<group>";
		};
		69AB0F7D1CF96CB800F15D4A /* SettingGuideVC */ = {
			isa = PBXGroup;
			children = (
				69AB0F7E1CF96CCF00F15D4A /* JJSettingGuideVC.h */,
				69AB0F7F1CF96CCF00F15D4A /* JJSettingGuideVC.m */,
			);
			name = SettingGuideVC;
			sourceTree = "<group>";
		};
		69AB0F811CF97C4A00F15D4A /* VC */ = {
			isa = PBXGroup;
			children = (
				6931CE221BBCC5E300EF3BA9 /* JJFunctionVC.h */,
				6931CE231BBCC5E300EF3BA9 /* JJFunctionVC.m */,
			);
			name = VC;
			sourceTree = "<group>";
		};
		69AB0F821CF97C5300F15D4A /* View */ = {
			isa = PBXGroup;
			children = (
				69AB0F8D1CFA795D00F15D4A /* JJFunSettingBtn.h */,
				69AB0F8E1CFA795D00F15D4A /* JJFunSettingBtn.m */,
				69AB0F831CF97C8500F15D4A /* JJFunSettingView.h */,
				69AB0F841CF97C8500F15D4A /* JJFunSettingView.m */,
				69AB0F861CF99C6500F15D4A /* JJFunSettingLabelView.h */,
				69AB0F871CF99C6500F15D4A /* JJFunSettingLabelView.m */,
				69AB0F891CF9A00C00F15D4A /* JJFunSettingBtnView.h */,
				69AB0F8A1CF9A00C00F15D4A /* JJFunSettingBtnView.m */,
				69AB0F901CFA8AF000F15D4A /* JJControllerBtn.h */,
				69AB0F911CFA8AF000F15D4A /* JJControllerBtn.m */,
				69AB0F931CFA8D4000F15D4A /* JJFunTimeView.h */,
				69AB0F941CFA8D4000F15D4A /* JJFunTimeView.m */,
				69AB0F961CFA901300F15D4A /* JJFunBottomView.h */,
				69AB0F971CFA901300F15D4A /* JJFunBottomView.m */,
			);
			name = View;
			sourceTree = "<group>";
		};
		69AB0F9F1CFAB99800F15D4A /* JJRoundBtn */ = {
			isa = PBXGroup;
			children = (
				69AB0FA01CFAB9C800F15D4A /* JJRoundBtn.h */,
				69AB0FA11CFAB9C800F15D4A /* JJRoundBtn.m */,
			);
			name = JJRoundBtn;
			sourceTree = "<group>";
		};
		69F937991BBBE544005F7399 /* Define */ = {
			isa = PBXGroup;
			children = (
			);
			name = Define;
			sourceTree = "<group>";
		};
		69F9379B1BBBE5AF005F7399 /* Third_Libraries */ = {
			isa = PBXGroup;
			children = (
				69AB0F9F1CFAB99800F15D4A /* JJRoundBtn */,
			);
			name = Third_Libraries;
			sourceTree = "<group>";
		};
		69F9379C1BBBE8EC005F7399 /* Category */ = {
			isa = PBXGroup;
			children = (
				69F9379D1BBBE90F005F7399 /* UIView+JJCommon.h */,
				69F9379E1BBBE90F005F7399 /* UIView+JJCommon.m */,
				6931CE2C1BBD0F9100EF3BA9 /* UIColor+JJColor.h */,
				6931CE2D1BBD0F9100EF3BA9 /* UIColor+JJColor.m */,
				69AB0F991CFAB1DA00F15D4A /* UIButton+JJCommon.h */,
				69AB0F9A1CFAB1DA00F15D4A /* UIButton+JJCommon.m */,
				69AB0F9C1CFAB1FE00F15D4A /* UIImage+JJCommon.h */,
				69AB0F9D1CFAB1FE00F15D4A /* UIImage+JJCommon.m */,
			);
			name = Category;
			sourceTree = "<group>";
		};
		69F937A01BBBEF96005F7399 /* BLE */ = {
			isa = PBXGroup;
			children = (
				69F937AB1BBBEFE5005F7399 /* Config.h */,
				69F937A71BBBEFA4005F7399 /* KSCBPeripheral.h */,
				69F937A21BBBEFA4005F7399 /* KSCBPeripheral.m */,
				69F937A61BBBEFA4005F7399 /* KSCentralManagerDelegate.h */,
				69F937A31BBBEFA4005F7399 /* KSCentralManager.h */,
				69F937A11BBBEFA4005F7399 /* KSCentralManager.m */,
				69F937A41BBBEFA4005F7399 /* KSPeripheralManager.h */,
				69F937A51BBBEFA4005F7399 /* KSPeripheralManager.m */,
			);
			name = BLE;
			sourceTree = "<group>";
		};
		B82AA011897AF1E622ADBBB9 /* Frameworks */ = {
			isa = PBXGroup;
			children = (
				A6CDA07874C5E95588F39D5E /* libPods.a */,
			);
			name = Frameworks;
			sourceTree = "<group>";
		};
		FF26BDAF446B07437E7D263A /* Pods */ = {
			isa = PBXGroup;
			children = (
				1B65778A7BAD62BE9629EC9A /* Pods.debug.xcconfig */,
				4D57FE29A601413A6DBD4C3E /* Pods.release.xcconfig */,
			);
			name = Pods;
			sourceTree = "<group>";
		};
/* End PBXGroup section */

/* Begin PBXNativeTarget section */
		6973F40F1BBBD00400D7737D /* BabyBrezza */ = {
			isa = PBXNativeTarget;
			buildConfigurationList = 6973F43D1BBBD00400D7737D /* Build configuration list for PBXNativeTarget "BabyBrezza" */;
			buildPhases = (
				676741909A48D8AD80FDB9EC /* Check Pods Manifest.lock */,
				6973F40C1BBBD00400D7737D /* Sources */,
				6973F40D1BBBD00400D7737D /* Frameworks */,
				6973F40E1BBBD00400D7737D /* Resources */,
				C96786439B89652BB97614C5 /* Copy Pods Resources */,
				1CFCC0ABC781C68F89CB370D /* Embed Pods Frameworks */,
			);
			buildRules = (
			);
			dependencies = (
			);
			name = BabyBrezza;
			productName = BabyBrezza;
			productReference = 6973F4101BBBD00400D7737D /* BabyBrezza.app */;
			productType = "com.apple.product-type.application";
		};
/* End PBXNativeTarget section */

/* Begin PBXProject section */
		6973F4081BBBD00400D7737D /* Project object */ = {
			isa = PBXProject;
			attributes = {
				CLASSPREFIX = XJ;
				LastUpgradeCheck = 0700;
				ORGANIZATIONNAME = XJ;
				TargetAttributes = {
					6973F40F1BBBD00400D7737D = {
						CreatedOnToolsVersion = 7.0;
						DevelopmentTeam = J73LD2LF7M;
					};
				};
			};
			buildConfigurationList = 6973F40B1BBBD00400D7737D /* Build configuration list for PBXProject "BabyBrezza" */;
			compatibilityVersion = "Xcode 3.2";
			developmentRegion = English;
			hasScannedForEncodings = 0;
			knownRegions = (
				en,
				Base,
			);
			mainGroup = 6973F4071BBBD00400D7737D;
			productRefGroup = 6973F4111BBBD00400D7737D /* Products */;
			projectDirPath = "";
			projectRoot = "";
			targets = (
				6973F40F1BBBD00400D7737D /* BabyBrezza */,
			);
		};
/* End PBXProject section */

/* Begin PBXResourcesBuildPhase section */
		6973F40E1BBBD00400D7737D /* Resources */ = {
			isa = PBXResourcesBuildPhase;
			buildActionMask = 2147483647;
			files = (
				6973F4201BBBD00400D7737D /* Assets.xcassets in Resources */,
			);
			runOnlyForDeploymentPostprocessing = 0;
		};
/* End PBXResourcesBuildPhase section */

/* Begin PBXShellScriptBuildPhase section */
		1CFCC0ABC781C68F89CB370D /* Embed Pods Frameworks */ = {
			isa = PBXShellScriptBuildPhase;
			buildActionMask = 2147483647;
			files = (
			);
			inputPaths = (
			);
			name = "Embed Pods Frameworks";
			outputPaths = (
			);
			runOnlyForDeploymentPostprocessing = 0;
			shellPath = /bin/sh;
			shellScript = "\"${SRCROOT}/Pods/Target Support Files/Pods/Pods-frameworks.sh\"\n";
			showEnvVarsInLog = 0;
		};
		676741909A48D8AD80FDB9EC /* Check Pods Manifest.lock */ = {
			isa = PBXShellScriptBuildPhase;
			buildActionMask = 2147483647;
			files = (
			);
			inputPaths = (
			);
			name = "Check Pods Manifest.lock";
			outputPaths = (
			);
			runOnlyForDeploymentPostprocessing = 0;
			shellPath = /bin/sh;
			shellScript = "diff \"${PODS_ROOT}/../Podfile.lock\" \"${PODS_ROOT}/Manifest.lock\" > /dev/null\nif [[ $? != 0 ]] ; then\n    cat << EOM\nerror: The sandbox is not in sync with the Podfile.lock. Run 'pod install' or update your CocoaPods installation.\nEOM\n    exit 1\nfi\n";
			showEnvVarsInLog = 0;
		};
		C96786439B89652BB97614C5 /* Copy Pods Resources */ = {
			isa = PBXShellScriptBuildPhase;
			buildActionMask = 2147483647;
			files = (
			);
			inputPaths = (
			);
			name = "Copy Pods Resources";
			outputPaths = (
			);
			runOnlyForDeploymentPostprocessing = 0;
			shellPath = /bin/sh;
			shellScript = "\"${SRCROOT}/Pods/Target Support Files/Pods/Pods-resources.sh\"\n";
			showEnvVarsInLog = 0;
		};
/* End PBXShellScriptBuildPhase section */

/* Begin PBXSourcesBuildPhase section */
		6973F40C1BBBD00400D7737D /* Sources */ = {
			isa = PBXSourcesBuildPhase;
			buildActionMask = 2147483647;
			files = (
				69AB0F981CFA901300F15D4A /* JJFunBottomView.m in Sources */,
				69AB0F8B1CF9A00C00F15D4A /* JJFunSettingBtnView.m in Sources */,
				6931CE2B1BBCDBA100EF3BA9 /* JJMainCell.m in Sources */,
				6973F44D1BBBD1E700D7737D /* JJRootVC.m in Sources */,
				69AB0F8F1CFA795D00F15D4A /* JJFunSettingBtn.m in Sources */,
				69AB0F921CFA8AF000F15D4A /* JJControllerBtn.m in Sources */,
				6931CE2E1BBD0F9100EF3BA9 /* UIColor+JJColor.m in Sources */,
				69AB0F851CF97C8500F15D4A /* JJFunSettingView.m in Sources */,
				6973F4511BBBD20D00D7737D /* JJMainVC.m in Sources */,
				69F9379F1BBBE90F005F7399 /* UIView+JJCommon.m in Sources */,
				69F937A81BBBEFA4005F7399 /* KSCentralManager.m in Sources */,
				69AB0F951CFA8D4000F15D4A /* JJFunTimeView.m in Sources */,
				6973F4181BBBD00400D7737D /* AppDelegate.m in Sources */,
				69AB0F881CF99C6500F15D4A /* JJFunSettingLabelView.m in Sources */,
				69AB0F9E1CFAB1FF00F15D4A /* UIImage+JJCommon.m in Sources */,
				69AB0F781CF9648E00F15D4A /* JJRootNC.m in Sources */,
				69F937AA1BBBEFA4005F7399 /* KSPeripheralManager.m in Sources */,
				6931CE251BBCC5E300EF3BA9 /* JJFunctionVC.m in Sources */,
				69AB0F9B1CFAB1DA00F15D4A /* UIButton+JJCommon.m in Sources */,
				69AB0F801CF96CCF00F15D4A /* JJSettingGuideVC.m in Sources */,
				6931CE321BBD27CC00EF3BA9 /* JJMessage.m in Sources */,
				69AB0FA21CFAB9C800F15D4A /* JJRoundBtn.m in Sources */,
				6973F4151BBBD00400D7737D /* main.m in Sources */,
				69F937A91BBBEFA4005F7399 /* KSCBPeripheral.m in Sources */,
				69AB0F7C1CF96A4A00F15D4A /* JJConnectVC.m in Sources */,
			);
			runOnlyForDeploymentPostprocessing = 0;
		};
/* End PBXSourcesBuildPhase section */

/* Begin XCBuildConfiguration section */
		6973F43B1BBBD00400D7737D /* Debug */ = {
			isa = XCBuildConfiguration;
			buildSettings = {
				ALWAYS_SEARCH_USER_PATHS = NO;
				ASSETCATALOG_COMPILER_LAUNCHIMAGE_NAME = LaunchImage;
				CLANG_CXX_LANGUAGE_STANDARD = "gnu++0x";
				CLANG_CXX_LIBRARY = "libc++";
				CLANG_ENABLE_MODULES = YES;
				CLANG_ENABLE_OBJC_ARC = YES;
				CLANG_WARN_BOOL_CONVERSION = YES;
				CLANG_WARN_CONSTANT_CONVERSION = YES;
				CLANG_WARN_DIRECT_OBJC_ISA_USAGE = YES_ERROR;
				CLANG_WARN_EMPTY_BODY = YES;
				CLANG_WARN_ENUM_CONVERSION = YES;
				CLANG_WARN_INT_CONVERSION = YES;
				CLANG_WARN_OBJC_ROOT_CLASS = YES_ERROR;
				CLANG_WARN_UNREACHABLE_CODE = YES;
				CLANG_WARN__DUPLICATE_METHOD_MATCH = YES;
				CODE_SIGN_IDENTITY = "iPhone Developer: xu junjie (XF765UZ47T)";
				"CODE_SIGN_IDENTITY[sdk=iphoneos*]" = "iPhone Developer: xu junjie (XF765UZ47T)";
				COPY_PHASE_STRIP = NO;
				DEBUG_INFORMATION_FORMAT = dwarf;
				ENABLE_STRICT_OBJC_MSGSEND = YES;
				ENABLE_TESTABILITY = YES;
				GCC_C_LANGUAGE_STANDARD = gnu99;
				GCC_DYNAMIC_NO_PIC = NO;
				GCC_NO_COMMON_BLOCKS = YES;
				GCC_OPTIMIZATION_LEVEL = 0;
				GCC_PRECOMPILE_PREFIX_HEADER = YES;
				GCC_PREFIX_HEADER = "$(SRCROOT)/BabyBrezza/BabyBrezza-Prefix.pch";
				GCC_PREPROCESSOR_DEFINITIONS = (
					"DEBUG=1",
					"$(inherited)",
				);
				GCC_WARN_64_TO_32_BIT_CONVERSION = YES;
				GCC_WARN_ABOUT_RETURN_TYPE = YES_ERROR;
				GCC_WARN_UNDECLARED_SELECTOR = YES;
				GCC_WARN_UNINITIALIZED_AUTOS = YES_AGGRESSIVE;
				GCC_WARN_UNUSED_FUNCTION = YES;
				GCC_WARN_UNUSED_VARIABLE = YES;
				IPHONEOS_DEPLOYMENT_TARGET = 7.0;
				MTL_ENABLE_DEBUG_INFO = YES;
				ONLY_ACTIVE_ARCH = YES;
				SDKROOT = iphoneos;
			};
			name = Debug;
		};
		6973F43C1BBBD00400D7737D /* Release */ = {
			isa = XCBuildConfiguration;
			buildSettings = {
				ALWAYS_SEARCH_USER_PATHS = NO;
				ASSETCATALOG_COMPILER_LAUNCHIMAGE_NAME = LaunchImage;
				CLANG_CXX_LANGUAGE_STANDARD = "gnu++0x";
				CLANG_CXX_LIBRARY = "libc++";
				CLANG_ENABLE_MODULES = YES;
				CLANG_ENABLE_OBJC_ARC = YES;
				CLANG_WARN_BOOL_CONVERSION = YES;
				CLANG_WARN_CONSTANT_CONVERSION = YES;
				CLANG_WARN_DIRECT_OBJC_ISA_USAGE = YES_ERROR;
				CLANG_WARN_EMPTY_BODY = YES;
				CLANG_WARN_ENUM_CONVERSION = YES;
				CLANG_WARN_INT_CONVERSION = YES;
				CLANG_WARN_OBJC_ROOT_CLASS = YES_ERROR;
				CLANG_WARN_UNREACHABLE_CODE = YES;
				CLANG_WARN__DUPLICATE_METHOD_MATCH = YES;
				CODE_SIGN_IDENTITY = "iPhone Developer: xu junjie (XF765UZ47T)";
				"CODE_SIGN_IDENTITY[sdk=iphoneos*]" = "iPhone Developer";
				COPY_PHASE_STRIP = NO;
				DEBUG_INFORMATION_FORMAT = "dwarf-with-dsym";
				ENABLE_NS_ASSERTIONS = NO;
				ENABLE_STRICT_OBJC_MSGSEND = YES;
				GCC_C_LANGUAGE_STANDARD = gnu99;
				GCC_NO_COMMON_BLOCKS = YES;
				GCC_PRECOMPILE_PREFIX_HEADER = YES;
				GCC_PREFIX_HEADER = "$(SRCROOT)/BabyBrezza/BabyBrezza-Prefix.pch";
				GCC_WARN_64_TO_32_BIT_CONVERSION = YES;
				GCC_WARN_ABOUT_RETURN_TYPE = YES_ERROR;
				GCC_WARN_UNDECLARED_SELECTOR = YES;
				GCC_WARN_UNINITIALIZED_AUTOS = YES_AGGRESSIVE;
				GCC_WARN_UNUSED_FUNCTION = YES;
				GCC_WARN_UNUSED_VARIABLE = YES;
				IPHONEOS_DEPLOYMENT_TARGET = 7.0;
				MTL_ENABLE_DEBUG_INFO = NO;
				SDKROOT = iphoneos;
				VALIDATE_PRODUCT = YES;
			};
			name = Release;
		};
		6973F43E1BBBD00400D7737D /* Debug */ = {
			isa = XCBuildConfiguration;
			baseConfigurationReference = 1B65778A7BAD62BE9629EC9A /* Pods.debug.xcconfig */;
			buildSettings = {
				ASSETCATALOG_COMPILER_APPICON_NAME = AppIcon;
				ASSETCATALOG_COMPILER_LAUNCHIMAGE_NAME = LaunchImage;
				CODE_SIGN_IDENTITY = "iPhone Developer";
				INFOPLIST_FILE = BabyBrezza/Info.plist;
				IPHONEOS_DEPLOYMENT_TARGET = 7.0;
				LD_RUNPATH_SEARCH_PATHS = "$(inherited) @executable_path/Frameworks";
				PRODUCT_BUNDLE_IDENTIFIER = com.XJ.BabyBrezza;
				PRODUCT_NAME = "$(TARGET_NAME)";
			};
			name = Debug;
		};
		6973F43F1BBBD00400D7737D /* Release */ = {
			isa = XCBuildConfiguration;
			baseConfigurationReference = 4D57FE29A601413A6DBD4C3E /* Pods.release.xcconfig */;
			buildSettings = {
				ASSETCATALOG_COMPILER_APPICON_NAME = AppIcon;
				ASSETCATALOG_COMPILER_LAUNCHIMAGE_NAME = LaunchImage;
				CODE_SIGN_IDENTITY = "iPhone Developer";
				INFOPLIST_FILE = BabyBrezza/Info.plist;
				IPHONEOS_DEPLOYMENT_TARGET = 7.0;
				LD_RUNPATH_SEARCH_PATHS = "$(inherited) @executable_path/Frameworks";
				PRODUCT_BUNDLE_IDENTIFIER = com.XJ.BabyBrezza;
				PRODUCT_NAME = "$(TARGET_NAME)";
			};
			name = Release;
		};
/* End XCBuildConfiguration section */

/* Begin XCConfigurationList section */
		6973F40B1BBBD00400D7737D /* Build configuration list for PBXProject "BabyBrezza" */ = {
			isa = XCConfigurationList;
			buildConfigurations = (
				6973F43B1BBBD00400D7737D /* Debug */,
				6973F43C1BBBD00400D7737D /* Release */,
			);
			defaultConfigurationIsVisible = 0;
			defaultConfigurationName = Release;
		};
		6973F43D1BBBD00400D7737D /* Build configuration list for PBXNativeTarget "BabyBrezza" */ = {
			isa = XCConfigurationList;
			buildConfigurations = (
				6973F43E1BBBD00400D7737D /* Debug */,
				6973F43F1BBBD00400D7737D /* Release */,
			);
			defaultConfigurationIsVisible = 0;
			defaultConfigurationName = Release;
		};
/* End XCConfigurationList section */
	};
	rootObject = 6973F4081BBBD00400D7737D /* Project object */;
}
